{
  "name": "ftdomdelegate",
  "requires": true,
  "lockfileVersion": 1,
  "dependencies": {
    "eslint-config-origami-component": {
      "version": "2.0.1",
      "resolved": "https://registry.npmjs.org/eslint-config-origami-component/-/eslint-config-origami-component-2.0.1.tgz",
      "integrity": "sha512-H7qxqmOeVxop3bG+xsf51Ho+gmNN2hKtsBqDlgXRk5gIaieuP3l/dPSYGQ4FQxU2ktdPesS5dOVTuuQAIuQpMw==",
      "dev": true
    }
  }
}
